
Microsoft Visual Studio Solution File, Format Version 12.00
# Visual Studio Version 17
VisualStudioVersion = 17.3.32811.315
MinimumVisualStudioVersion = 10.0.40219.1
Project("{FAE04EC0-301F-11D3-BF4B-00C04F79EFBC}") = "1.12Task", "1.12Task\1.12Task.csproj", "{88196557-CE21-49A6-9634-08DD97E5EBEC}"
EndProject
Project("{FAE04EC0-301F-11D3-BF4B-00C04F79EFBC}") = "1.13Task", "1.13Task\1.13Task.csproj", "{569BD10D-856E-40ED-B0B4-021CFD0FAFE5}"
EndProject
Project("{FAE04EC0-301F-11D3-BF4B-00C04F79EFBC}") = "1.14Task", "1.14Task\1.14Task.csproj", "{AA827B2A-0461-4D35-86AD-1A98F0F77142}"
EndProject
Project("{FAE04EC0-301F-11D3-BF4B-00C04F79EFBC}") = "1.15Task", "1.15Task\1.15Task.csproj", "{F150C616-DBA8-4010-8B21-38DF033A0E6D}"
EndProject
Project("{FAE04EC0-301F-11D3-BF4B-00C04F79EFBC}") = "1.16Task", "1.16Task\1.16Task.csproj", "{F36B63F1-C494-4078-BC85-7461B535F25F}"
EndProject
Project("{FAE04EC0-301F-11D3-BF4B-00C04F79EFBC}") = "1.17Task", "1.17Task\1.17Task.csproj", "{606FCC46-F767-4124-B8F8-B72A5872074D}"
EndProject
Project("{FAE04EC0-301F-11D3-BF4B-00C04F79EFBC}") = "1.01Task", "1.01Task\1.01Task.csproj", "{83A249C0-604D-47B1-96E9-177137E399F9}"
EndProject
Project("{FAE04EC0-301F-11D3-BF4B-00C04F79EFBC}") = "1.02Task", "1.02Task\1.02Task.csproj", "{FCF29322-FA95-41C9-B2AD-102D186A27DF}"
EndProject
Project("{FAE04EC0-301F-11D3-BF4B-00C04F79EFBC}") = "1.03Task", "1.03Task\1.03Task.csproj", "{2ADFD2FE-1414-4678-BBA7-F718CC6F1CD1}"
EndProject
Project("{FAE04EC0-301F-11D3-BF4B-00C04F79EFBC}") = "1.04Task", "1.04Task\1.04Task.csproj", "{DCDBD9C4-1C26-4BF9-B5FB-97FB1C47055D}"
EndProject
Project("{FAE04EC0-301F-11D3-BF4B-00C04F79EFBC}") = "1.05Task", "1.05Task\1.05Task.csproj", "{7CB0122F-3B00-45A0-9AAF-654E83EA8E32}"
EndProject
Project("{FAE04EC0-301F-11D3-BF4B-00C04F79EFBC}") = "1.06Task", "1.06Task\1.06Task.csproj", "{3DB8A8FC-264F-434C-B351-8097BFEDABD0}"
EndProject
Project("{FAE04EC0-301F-11D3-BF4B-00C04F79EFBC}") = "1.07Task", "1.07Task\1.07Task.csproj", "{2C15C022-98DE-410B-A3D1-0910DD7F6ACF}"
EndProject
Project("{FAE04EC0-301F-11D3-BF4B-00C04F79EFBC}") = "1.08Task", "1.08Task\1.08Task.csproj", "{E27C99D2-D6E4-4F9B-B39C-4A170018E32D}"
EndProject
Project("{FAE04EC0-301F-11D3-BF4B-00C04F79EFBC}") = "1.09Task", "1.09Task\1.09Task.csproj", "{76BCB371-67AE-40B2-9EAA-1F499071587D}"
EndProject
Project("{FAE04EC0-301F-11D3-BF4B-00C04F79EFBC}") = "1.10Task", "1.10Task\1.10Task.csproj", "{B23A21DA-2EC6-4E1D-98B3-7AD7855B6D22}"
EndProject
Project("{FAE04EC0-301F-11D3-BF4B-00C04F79EFBC}") = "1.11Task", "1.11Task\1.11Task.csproj", "{72690140-679E-4C4C-B842-8CE29D65AC19}"
EndProject
Project("{FAE04EC0-301F-11D3-BF4B-00C04F79EFBC}") = "2.05Task", "2.05Task\2.05Task.csproj", "{6D11550B-E071-49D2-9C41-C625EC1E42BF}"
EndProject
Project("{FAE04EC0-301F-11D3-BF4B-00C04F79EFBC}") = "2.10Task", "2.10Task\2.10Task.csproj", "{60541112-7E9D-4201-82D0-F0EF69A6D68C}"
EndProject
Project("{FAE04EC0-301F-11D3-BF4B-00C04F79EFBC}") = "2.11Task", "2.11Task\2.11Task.csproj", "{A06F4DEB-7147-4535-BFD8-A252C31B1D1E}"
EndProject
Project("{FAE04EC0-301F-11D3-BF4B-00C04F79EFBC}") = "2.12Task", "2.12Task\2.12Task.csproj", "{0F5F9D98-2B3F-49DE-B28F-399C9D157673}"
EndProject
Project("{FAE04EC0-301F-11D3-BF4B-00C04F79EFBC}") = "2.13Task", "2.13Task\2.13Task.csproj", "{4727B1E3-E3D4-4B37-A134-FEF4DAC7676D}"
EndProject
Project("{FAE04EC0-301F-11D3-BF4B-00C04F79EFBC}") = "2.14Task", "2.14Task\2.14Task.csproj", "{211C58B1-5649-408E-8F18-E8B331092EC6}"
EndProject
Project("{FAE04EC0-301F-11D3-BF4B-00C04F79EFBC}") = "2.15Task", "2.15Task\2.15Task.csproj", "{80CB7561-8E6E-4EEE-BE19-06E690BBE28E}"
EndProject
Project("{FAE04EC0-301F-11D3-BF4B-00C04F79EFBC}") = "2.16Task", "2.16Task\2.16Task.csproj", "{87C00E28-73DA-4EA5-AA8E-3700FFC2E502}"
EndProject
Project("{FAE04EC0-301F-11D3-BF4B-00C04F79EFBC}") = "2.17Task", "2.17Task\2.17Task.csproj", "{1AF0BCCA-94E2-47AF-B9A4-B8EA2946FA89}"
EndProject
Project("{FAE04EC0-301F-11D3-BF4B-00C04F79EFBC}") = "2.18Task", "2.18Task\2.18Task.csproj", "{A20FB7CF-11C9-4B6B-A015-F96976DEE973}"
EndProject
Project("{FAE04EC0-301F-11D3-BF4B-00C04F79EFBC}") = "2.19Task", "2.19Task\2.19Task.csproj", "{F5E3128C-FBA3-4B24-BAF8-7F6B06FC444F}"
EndProject
Project("{FAE04EC0-301F-11D3-BF4B-00C04F79EFBC}") = "2.01Task", "2.01Task\2.01Task.csproj", "{C6CADFC7-6B61-41F8-8736-206704E9E733}"
EndProject
Project("{FAE04EC0-301F-11D3-BF4B-00C04F79EFBC}") = "2.02Task", "2.02Task\2.02Task.csproj", "{5EE7D8DD-D4E5-49E2-AD34-0C0DFF21EE52}"
EndProject
Project("{FAE04EC0-301F-11D3-BF4B-00C04F79EFBC}") = "2.03aTask", "2.03aTask\2.03aTask.csproj", "{B21AE3C6-C991-42FE-8F3F-2E11F79A74B3}"
EndProject
Project("{FAE04EC0-301F-11D3-BF4B-00C04F79EFBC}") = "2.03bTask", "2.03bTask\2.03bTask.csproj", "{93FF95C7-3B9E-41F1-8547-9F7D51B6133D}"
EndProject
Project("{FAE04EC0-301F-11D3-BF4B-00C04F79EFBC}") = "2.04Task", "2.04Task\2.04Task.csproj", "{1136B0AE-5934-4816-A661-8A55BAFD583B}"
EndProject
Project("{FAE04EC0-301F-11D3-BF4B-00C04F79EFBC}") = "2.07Task", "2.07Task\2.07Task.csproj", "{678B34EA-854D-4D14-8B3B-788224FA575C}"
EndProject
Project("{FAE04EC0-301F-11D3-BF4B-00C04F79EFBC}") = "2.08Task", "2.08Task\2.08Task.csproj", "{0D4A1C75-C016-458E-8E82-5D8FDB2B3461}"
EndProject
Project("{FAE04EC0-301F-11D3-BF4B-00C04F79EFBC}") = "2.09aTask", "2.09aTask\2.09aTask.csproj", "{56A23588-A5EB-480C-9177-F23FB078A37E}"
EndProject
Project("{FAE04EC0-301F-11D3-BF4B-00C04F79EFBC}") = "2.09bTask", "2.09bTask\2.09bTask.csproj", "{34042400-5461-4317-8453-497FAC4A75AA}"
EndProject
Project("{FAE04EC0-301F-11D3-BF4B-00C04F79EFBC}") = "2.06Task", "2.06Task\2.06Task.csproj", "{D7A898E9-7A83-474B-83FA-F71CA2CA1C65}"
EndProject
Project("{FAE04EC0-301F-11D3-BF4B-00C04F79EFBC}") = "2.20Task", "2.20Task\2.20Task.csproj", "{74BA4B22-D7D8-4628-92E5-AC6540A48002}"
EndProject
Project("{FAE04EC0-301F-11D3-BF4B-00C04F79EFBC}") = "2.21Task", "2.21Task\2.21Task.csproj", "{80475521-C58E-408F-8355-F0434433E16A}"
EndProject
Project("{FAE04EC0-301F-11D3-BF4B-00C04F79EFBC}") = "2.22Task", "2.22Task\2.22Task.csproj", "{F1FD6934-5AC9-4088-9D89-78C5E5EAC190}"
EndProject
Project("{FAE04EC0-301F-11D3-BF4B-00C04F79EFBC}") = "2.23Task", "2.23Task\2.23Task.csproj", "{40371BC7-B50A-450D-9A96-AA4A1C5FA043}"
EndProject
Project("{FAE04EC0-301F-11D3-BF4B-00C04F79EFBC}") = "2.24Task", "2.24Task\2.24Task.csproj", "{CEFDD31F-40F6-4D46-907E-0BCEDA6CDD1A}"
EndProject
Project("{FAE04EC0-301F-11D3-BF4B-00C04F79EFBC}") = "2.25Task", "2.25Task\2.25Task.csproj", "{95E1804F-BD66-40C0-B2C1-950F86104D45}"
EndProject
Project("{FAE04EC0-301F-11D3-BF4B-00C04F79EFBC}") = "2.26Task", "2.26Task\2.26Task.csproj", "{01C8A8F8-6354-4661-A8CE-FC40FA9B57E0}"
EndProject
Project("{FAE04EC0-301F-11D3-BF4B-00C04F79EFBC}") = "2.27Task", "2.27Task\2.27Task.csproj", "{5EA0D87F-044B-42EB-9EC0-6ADB688A3606}"
EndProject
Project("{FAE04EC0-301F-11D3-BF4B-00C04F79EFBC}") = "2.28Task", "2.28Task\2.28Task.csproj", "{A8CF37D9-5A0F-4411-A94F-CF31315709F1}"
EndProject
Project("{FAE04EC0-301F-11D3-BF4B-00C04F79EFBC}") = "2.29Task", "2.29Task\2.29Task.csproj", "{A4C9057F-C902-4447-A2D4-915F06F4FB41}"
EndProject
Project("{FAE04EC0-301F-11D3-BF4B-00C04F79EFBC}") = "2.30Task", "2.30Task\2.30Task.csproj", "{6D7898E7-4F81-4ABD-8C47-445CBC07A10E}"
EndProject
Project("{FAE04EC0-301F-11D3-BF4B-00C04F79EFBC}") = "2.31Task", "2.31Task\2.31Task.csproj", "{96CFC283-CAD5-42B9-BEA6-817EEE2DA15B}"
EndProject
Project("{FAE04EC0-301F-11D3-BF4B-00C04F79EFBC}") = "2.32Task", "2.32Task\2.32Task.csproj", "{B4D5AFE7-445C-45D1-8BCE-8679DC7FC671}"
EndProject
Project("{FAE04EC0-301F-11D3-BF4B-00C04F79EFBC}") = "2.33Task", "2.33Task\2.33Task.csproj", "{FD9DA369-330D-4BF5-AA89-730F6EE22518}"
EndProject
Project("{FAE04EC0-301F-11D3-BF4B-00C04F79EFBC}") = "2.34Task", "2.34Task\2.34Task.csproj", "{A4733D6F-EA1A-40E0-8DFC-13BB4E5E1235}"
EndProject
Project("{FAE04EC0-301F-11D3-BF4B-00C04F79EFBC}") = "2.35Task", "2.35Task\2.35Task.csproj", "{40234FE0-3BFB-4E9F-B08D-CA18F53AB54C}"
EndProject
Project("{FAE04EC0-301F-11D3-BF4B-00C04F79EFBC}") = "2.36Task", "2.36Task\2.36Task.csproj", "{112610B6-46A5-4F72-98C5-3B7F06A184BE}"
EndProject
Project("{FAE04EC0-301F-11D3-BF4B-00C04F79EFBC}") = "2.37Task", "2.37Task\2.37Task.csproj", "{E9C2716C-7AB8-49C7-A779-9E695DCD3645}"
EndProject
Project("{FAE04EC0-301F-11D3-BF4B-00C04F79EFBC}") = "2.38Task", "2.38Task\2.38Task.csproj", "{C18E991B-D97E-4A46-9CE8-0AF9CFB2F053}"
EndProject
Global
	GlobalSection(SolutionConfigurationPlatforms) = preSolution
		Debug|Any CPU = Debug|Any CPU
		Release|Any CPU = Release|Any CPU
	EndGlobalSection
	GlobalSection(ProjectConfigurationPlatforms) = postSolution
		{88196557-CE21-49A6-9634-08DD97E5EBEC}.Debug|Any CPU.ActiveCfg = Debug|Any CPU
		{88196557-CE21-49A6-9634-08DD97E5EBEC}.Debug|Any CPU.Build.0 = Debug|Any CPU
		{88196557-CE21-49A6-9634-08DD97E5EBEC}.Release|Any CPU.ActiveCfg = Release|Any CPU
		{88196557-CE21-49A6-9634-08DD97E5EBEC}.Release|Any CPU.Build.0 = Release|Any CPU
		{569BD10D-856E-40ED-B0B4-021CFD0FAFE5}.Debug|Any CPU.ActiveCfg = Debug|Any CPU
		{569BD10D-856E-40ED-B0B4-021CFD0FAFE5}.Debug|Any CPU.Build.0 = Debug|Any CPU
		{569BD10D-856E-40ED-B0B4-021CFD0FAFE5}.Release|Any CPU.ActiveCfg = Release|Any CPU
		{569BD10D-856E-40ED-B0B4-021CFD0FAFE5}.Release|Any CPU.Build.0 = Release|Any CPU
		{AA827B2A-0461-4D35-86AD-1A98F0F77142}.Debug|Any CPU.ActiveCfg = Debug|Any CPU
		{AA827B2A-0461-4D35-86AD-1A98F0F77142}.Debug|Any CPU.Build.0 = Debug|Any CPU
		{AA827B2A-0461-4D35-86AD-1A98F0F77142}.Release|Any CPU.ActiveCfg = Release|Any CPU
		{AA827B2A-0461-4D35-86AD-1A98F0F77142}.Release|Any CPU.Build.0 = Release|Any CPU
		{F150C616-DBA8-4010-8B21-38DF033A0E6D}.Debug|Any CPU.ActiveCfg = Debug|Any CPU
		{F150C616-DBA8-4010-8B21-38DF033A0E6D}.Debug|Any CPU.Build.0 = Debug|Any CPU
		{F150C616-DBA8-4010-8B21-38DF033A0E6D}.Release|Any CPU.ActiveCfg = Release|Any CPU
		{F150C616-DBA8-4010-8B21-38DF033A0E6D}.Release|Any CPU.Build.0 = Release|Any CPU
		{F36B63F1-C494-4078-BC85-7461B535F25F}.Debug|Any CPU.ActiveCfg = Debug|Any CPU
		{F36B63F1-C494-4078-BC85-7461B535F25F}.Debug|Any CPU.Build.0 = Debug|Any CPU
		{F36B63F1-C494-4078-BC85-7461B535F25F}.Release|Any CPU.ActiveCfg = Release|Any CPU
		{F36B63F1-C494-4078-BC85-7461B535F25F}.Release|Any CPU.Build.0 = Release|Any CPU
		{606FCC46-F767-4124-B8F8-B72A5872074D}.Debug|Any CPU.ActiveCfg = Debug|Any CPU
		{606FCC46-F767-4124-B8F8-B72A5872074D}.Debug|Any CPU.Build.0 = Debug|Any CPU
		{606FCC46-F767-4124-B8F8-B72A5872074D}.Release|Any CPU.ActiveCfg = Release|Any CPU
		{606FCC46-F767-4124-B8F8-B72A5872074D}.Release|Any CPU.Build.0 = Release|Any CPU
		{83A249C0-604D-47B1-96E9-177137E399F9}.Debug|Any CPU.ActiveCfg = Debug|Any CPU
		{83A249C0-604D-47B1-96E9-177137E399F9}.Debug|Any CPU.Build.0 = Debug|Any CPU
		{83A249C0-604D-47B1-96E9-177137E399F9}.Release|Any CPU.ActiveCfg = Release|Any CPU
		{83A249C0-604D-47B1-96E9-177137E399F9}.Release|Any CPU.Build.0 = Release|Any CPU
		{FCF29322-FA95-41C9-B2AD-102D186A27DF}.Debug|Any CPU.ActiveCfg = Debug|Any CPU
		{FCF29322-FA95-41C9-B2AD-102D186A27DF}.Debug|Any CPU.Build.0 = Debug|Any CPU
		{FCF29322-FA95-41C9-B2AD-102D186A27DF}.Release|Any CPU.ActiveCfg = Release|Any CPU
		{FCF29322-FA95-41C9-B2AD-102D186A27DF}.Release|Any CPU.Build.0 = Release|Any CPU
		{2ADFD2FE-1414-4678-BBA7-F718CC6F1CD1}.Debug|Any CPU.ActiveCfg = Debug|Any CPU
		{2ADFD2FE-1414-4678-BBA7-F718CC6F1CD1}.Debug|Any CPU.Build.0 = Debug|Any CPU
		{2ADFD2FE-1414-4678-BBA7-F718CC6F1CD1}.Release|Any CPU.ActiveCfg = Release|Any CPU
		{2ADFD2FE-1414-4678-BBA7-F718CC6F1CD1}.Release|Any CPU.Build.0 = Release|Any CPU
		{DCDBD9C4-1C26-4BF9-B5FB-97FB1C47055D}.Debug|Any CPU.ActiveCfg = Debug|Any CPU
		{DCDBD9C4-1C26-4BF9-B5FB-97FB1C47055D}.Debug|Any CPU.Build.0 = Debug|Any CPU
		{DCDBD9C4-1C26-4BF9-B5FB-97FB1C47055D}.Release|Any CPU.ActiveCfg = Release|Any CPU
		{DCDBD9C4-1C26-4BF9-B5FB-97FB1C47055D}.Release|Any CPU.Build.0 = Release|Any CPU
		{7CB0122F-3B00-45A0-9AAF-654E83EA8E32}.Debug|Any CPU.ActiveCfg = Debug|Any CPU
		{7CB0122F-3B00-45A0-9AAF-654E83EA8E32}.Debug|Any CPU.Build.0 = Debug|Any CPU
		{7CB0122F-3B00-45A0-9AAF-654E83EA8E32}.Release|Any CPU.ActiveCfg = Release|Any CPU
		{7CB0122F-3B00-45A0-9AAF-654E83EA8E32}.Release|Any CPU.Build.0 = Release|Any CPU
		{3DB8A8FC-264F-434C-B351-8097BFEDABD0}.Debug|Any CPU.ActiveCfg = Debug|Any CPU
		{3DB8A8FC-264F-434C-B351-8097BFEDABD0}.Debug|Any CPU.Build.0 = Debug|Any CPU
		{3DB8A8FC-264F-434C-B351-8097BFEDABD0}.Release|Any CPU.ActiveCfg = Release|Any CPU
		{3DB8A8FC-264F-434C-B351-8097BFEDABD0}.Release|Any CPU.Build.0 = Release|Any CPU
		{2C15C022-98DE-410B-A3D1-0910DD7F6ACF}.Debug|Any CPU.ActiveCfg = Debug|Any CPU
		{2C15C022-98DE-410B-A3D1-0910DD7F6ACF}.Debug|Any CPU.Build.0 = Debug|Any CPU
		{2C15C022-98DE-410B-A3D1-0910DD7F6ACF}.Release|Any CPU.ActiveCfg = Release|Any CPU
		{2C15C022-98DE-410B-A3D1-0910DD7F6ACF}.Release|Any CPU.Build.0 = Release|Any CPU
		{E27C99D2-D6E4-4F9B-B39C-4A170018E32D}.Debug|Any CPU.ActiveCfg = Debug|Any CPU
		{E27C99D2-D6E4-4F9B-B39C-4A170018E32D}.Debug|Any CPU.Build.0 = Debug|Any CPU
		{E27C99D2-D6E4-4F9B-B39C-4A170018E32D}.Release|Any CPU.ActiveCfg = Release|Any CPU
		{E27C99D2-D6E4-4F9B-B39C-4A170018E32D}.Release|Any CPU.Build.0 = Release|Any CPU
		{76BCB371-67AE-40B2-9EAA-1F499071587D}.Debug|Any CPU.ActiveCfg = Debug|Any CPU
		{76BCB371-67AE-40B2-9EAA-1F499071587D}.Debug|Any CPU.Build.0 = Debug|Any CPU
		{76BCB371-67AE-40B2-9EAA-1F499071587D}.Release|Any CPU.ActiveCfg = Release|Any CPU
		{76BCB371-67AE-40B2-9EAA-1F499071587D}.Release|Any CPU.Build.0 = Release|Any CPU
		{B23A21DA-2EC6-4E1D-98B3-7AD7855B6D22}.Debug|Any CPU.ActiveCfg = Debug|Any CPU
		{B23A21DA-2EC6-4E1D-98B3-7AD7855B6D22}.Debug|Any CPU.Build.0 = Debug|Any CPU
		{B23A21DA-2EC6-4E1D-98B3-7AD7855B6D22}.Release|Any CPU.ActiveCfg = Release|Any CPU
		{B23A21DA-2EC6-4E1D-98B3-7AD7855B6D22}.Release|Any CPU.Build.0 = Release|Any CPU
		{72690140-679E-4C4C-B842-8CE29D65AC19}.Debug|Any CPU.ActiveCfg = Debug|Any CPU
		{72690140-679E-4C4C-B842-8CE29D65AC19}.Debug|Any CPU.Build.0 = Debug|Any CPU
		{72690140-679E-4C4C-B842-8CE29D65AC19}.Release|Any CPU.ActiveCfg = Release|Any CPU
		{72690140-679E-4C4C-B842-8CE29D65AC19}.Release|Any CPU.Build.0 = Release|Any CPU
		{6D11550B-E071-49D2-9C41-C625EC1E42BF}.Debug|Any CPU.ActiveCfg = Debug|Any CPU
		{6D11550B-E071-49D2-9C41-C625EC1E42BF}.Debug|Any CPU.Build.0 = Debug|Any CPU
		{6D11550B-E071-49D2-9C41-C625EC1E42BF}.Release|Any CPU.ActiveCfg = Release|Any CPU
		{6D11550B-E071-49D2-9C41-C625EC1E42BF}.Release|Any CPU.Build.0 = Release|Any CPU
		{60541112-7E9D-4201-82D0-F0EF69A6D68C}.Debug|Any CPU.ActiveCfg = Debug|Any CPU
		{60541112-7E9D-4201-82D0-F0EF69A6D68C}.Debug|Any CPU.Build.0 = Debug|Any CPU
		{60541112-7E9D-4201-82D0-F0EF69A6D68C}.Release|Any CPU.ActiveCfg = Release|Any CPU
		{60541112-7E9D-4201-82D0-F0EF69A6D68C}.Release|Any CPU.Build.0 = Release|Any CPU
		{A06F4DEB-7147-4535-BFD8-A252C31B1D1E}.Debug|Any CPU.ActiveCfg = Debug|Any CPU
		{A06F4DEB-7147-4535-BFD8-A252C31B1D1E}.Debug|Any CPU.Build.0 = Debug|Any CPU
		{A06F4DEB-7147-4535-BFD8-A252C31B1D1E}.Release|Any CPU.ActiveCfg = Release|Any CPU
		{A06F4DEB-7147-4535-BFD8-A252C31B1D1E}.Release|Any CPU.Build.0 = Release|Any CPU
		{0F5F9D98-2B3F-49DE-B28F-399C9D157673}.Debug|Any CPU.ActiveCfg = Debug|Any CPU
		{0F5F9D98-2B3F-49DE-B28F-399C9D157673}.Debug|Any CPU.Build.0 = Debug|Any CPU
		{0F5F9D98-2B3F-49DE-B28F-399C9D157673}.Release|Any CPU.ActiveCfg = Release|Any CPU
		{0F5F9D98-2B3F-49DE-B28F-399C9D157673}.Release|Any CPU.Build.0 = Release|Any CPU
		{4727B1E3-E3D4-4B37-A134-FEF4DAC7676D}.Debug|Any CPU.ActiveCfg = Debug|Any CPU
		{4727B1E3-E3D4-4B37-A134-FEF4DAC7676D}.Debug|Any CPU.Build.0 = Debug|Any CPU
		{4727B1E3-E3D4-4B37-A134-FEF4DAC7676D}.Release|Any CPU.ActiveCfg = Release|Any CPU
		{4727B1E3-E3D4-4B37-A134-FEF4DAC7676D}.Release|Any CPU.Build.0 = Release|Any CPU
		{211C58B1-5649-408E-8F18-E8B331092EC6}.Debug|Any CPU.ActiveCfg = Debug|Any CPU
		{211C58B1-5649-408E-8F18-E8B331092EC6}.Debug|Any CPU.Build.0 = Debug|Any CPU
		{211C58B1-5649-408E-8F18-E8B331092EC6}.Release|Any CPU.ActiveCfg = Release|Any CPU
		{211C58B1-5649-408E-8F18-E8B331092EC6}.Release|Any CPU.Build.0 = Release|Any CPU
		{80CB7561-8E6E-4EEE-BE19-06E690BBE28E}.Debug|Any CPU.ActiveCfg = Debug|Any CPU
		{80CB7561-8E6E-4EEE-BE19-06E690BBE28E}.Debug|Any CPU.Build.0 = Debug|Any CPU
		{80CB7561-8E6E-4EEE-BE19-06E690BBE28E}.Release|Any CPU.ActiveCfg = Release|Any CPU
		{80CB7561-8E6E-4EEE-BE19-06E690BBE28E}.Release|Any CPU.Build.0 = Release|Any CPU
		{87C00E28-73DA-4EA5-AA8E-3700FFC2E502}.Debug|Any CPU.ActiveCfg = Debug|Any CPU
		{87C00E28-73DA-4EA5-AA8E-3700FFC2E502}.Debug|Any CPU.Build.0 = Debug|Any CPU
		{87C00E28-73DA-4EA5-AA8E-3700FFC2E502}.Release|Any CPU.ActiveCfg = Release|Any CPU
		{87C00E28-73DA-4EA5-AA8E-3700FFC2E502}.Release|Any CPU.Build.0 = Release|Any CPU
		{1AF0BCCA-94E2-47AF-B9A4-B8EA2946FA89}.Debug|Any CPU.ActiveCfg = Debug|Any CPU
		{1AF0BCCA-94E2-47AF-B9A4-B8EA2946FA89}.Debug|Any CPU.Build.0 = Debug|Any CPU
		{1AF0BCCA-94E2-47AF-B9A4-B8EA2946FA89}.Release|Any CPU.ActiveCfg = Release|Any CPU
		{1AF0BCCA-94E2-47AF-B9A4-B8EA2946FA89}.Release|Any CPU.Build.0 = Release|Any CPU
		{A20FB7CF-11C9-4B6B-A015-F96976DEE973}.Debug|Any CPU.ActiveCfg = Debug|Any CPU
		{A20FB7CF-11C9-4B6B-A015-F96976DEE973}.Debug|Any CPU.Build.0 = Debug|Any CPU
		{A20FB7CF-11C9-4B6B-A015-F96976DEE973}.Release|Any CPU.ActiveCfg = Release|Any CPU
		{A20FB7CF-11C9-4B6B-A015-F96976DEE973}.Release|Any CPU.Build.0 = Release|Any CPU
		{F5E3128C-FBA3-4B24-BAF8-7F6B06FC444F}.Debug|Any CPU.ActiveCfg = Debug|Any CPU
		{F5E3128C-FBA3-4B24-BAF8-7F6B06FC444F}.Debug|Any CPU.Build.0 = Debug|Any CPU
		{F5E3128C-FBA3-4B24-BAF8-7F6B06FC444F}.Release|Any CPU.ActiveCfg = Release|Any CPU
		{F5E3128C-FBA3-4B24-BAF8-7F6B06FC444F}.Release|Any CPU.Build.0 = Release|Any CPU
		{C6CADFC7-6B61-41F8-8736-206704E9E733}.Debug|Any CPU.ActiveCfg = Debug|Any CPU
		{C6CADFC7-6B61-41F8-8736-206704E9E733}.Debug|Any CPU.Build.0 = Debug|Any CPU
		{C6CADFC7-6B61-41F8-8736-206704E9E733}.Release|Any CPU.ActiveCfg = Release|Any CPU
		{C6CADFC7-6B61-41F8-8736-206704E9E733}.Release|Any CPU.Build.0 = Release|Any CPU
		{5EE7D8DD-D4E5-49E2-AD34-0C0DFF21EE52}.Debug|Any CPU.ActiveCfg = Debug|Any CPU
		{5EE7D8DD-D4E5-49E2-AD34-0C0DFF21EE52}.Debug|Any CPU.Build.0 = Debug|Any CPU
		{5EE7D8DD-D4E5-49E2-AD34-0C0DFF21EE52}.Release|Any CPU.ActiveCfg = Release|Any CPU
		{5EE7D8DD-D4E5-49E2-AD34-0C0DFF21EE52}.Release|Any CPU.Build.0 = Release|Any CPU
		{B21AE3C6-C991-42FE-8F3F-2E11F79A74B3}.Debug|Any CPU.ActiveCfg = Debug|Any CPU
		{B21AE3C6-C991-42FE-8F3F-2E11F79A74B3}.Debug|Any CPU.Build.0 = Debug|Any CPU
		{B21AE3C6-C991-42FE-8F3F-2E11F79A74B3}.Release|Any CPU.ActiveCfg = Release|Any CPU
		{B21AE3C6-C991-42FE-8F3F-2E11F79A74B3}.Release|Any CPU.Build.0 = Release|Any CPU
		{93FF95C7-3B9E-41F1-8547-9F7D51B6133D}.Debug|Any CPU.ActiveCfg = Debug|Any CPU
		{93FF95C7-3B9E-41F1-8547-9F7D51B6133D}.Debug|Any CPU.Build.0 = Debug|Any CPU
		{93FF95C7-3B9E-41F1-8547-9F7D51B6133D}.Release|Any CPU.ActiveCfg = Release|Any CPU
		{93FF95C7-3B9E-41F1-8547-9F7D51B6133D}.Release|Any CPU.Build.0 = Release|Any CPU
		{1136B0AE-5934-4816-A661-8A55BAFD583B}.Debug|Any CPU.ActiveCfg = Debug|Any CPU
		{1136B0AE-5934-4816-A661-8A55BAFD583B}.Debug|Any CPU.Build.0 = Debug|Any CPU
		{1136B0AE-5934-4816-A661-8A55BAFD583B}.Release|Any CPU.ActiveCfg = Release|Any CPU
		{1136B0AE-5934-4816-A661-8A55BAFD583B}.Release|Any CPU.Build.0 = Release|Any CPU
		{678B34EA-854D-4D14-8B3B-788224FA575C}.Debug|Any CPU.ActiveCfg = Debug|Any CPU
		{678B34EA-854D-4D14-8B3B-788224FA575C}.Debug|Any CPU.Build.0 = Debug|Any CPU
		{678B34EA-854D-4D14-8B3B-788224FA575C}.Release|Any CPU.ActiveCfg = Release|Any CPU
		{678B34EA-854D-4D14-8B3B-788224FA575C}.Release|Any CPU.Build.0 = Release|Any CPU
		{0D4A1C75-C016-458E-8E82-5D8FDB2B3461}.Debug|Any CPU.ActiveCfg = Debug|Any CPU
		{0D4A1C75-C016-458E-8E82-5D8FDB2B3461}.Debug|Any CPU.Build.0 = Debug|Any CPU
		{0D4A1C75-C016-458E-8E82-5D8FDB2B3461}.Release|Any CPU.ActiveCfg = Release|Any CPU
		{0D4A1C75-C016-458E-8E82-5D8FDB2B3461}.Release|Any CPU.Build.0 = Release|Any CPU
		{56A23588-A5EB-480C-9177-F23FB078A37E}.Debug|Any CPU.ActiveCfg = Debug|Any CPU
		{56A23588-A5EB-480C-9177-F23FB078A37E}.Debug|Any CPU.Build.0 = Debug|Any CPU
		{56A23588-A5EB-480C-9177-F23FB078A37E}.Release|Any CPU.ActiveCfg = Release|Any CPU
		{56A23588-A5EB-480C-9177-F23FB078A37E}.Release|Any CPU.Build.0 = Release|Any CPU
		{34042400-5461-4317-8453-497FAC4A75AA}.Debug|Any CPU.ActiveCfg = Debug|Any CPU
		{34042400-5461-4317-8453-497FAC4A75AA}.Debug|Any CPU.Build.0 = Debug|Any CPU
		{34042400-5461-4317-8453-497FAC4A75AA}.Release|Any CPU.ActiveCfg = Release|Any CPU
		{34042400-5461-4317-8453-497FAC4A75AA}.Release|Any CPU.Build.0 = Release|Any CPU
		{D7A898E9-7A83-474B-83FA-F71CA2CA1C65}.Debug|Any CPU.ActiveCfg = Debug|Any CPU
		{D7A898E9-7A83-474B-83FA-F71CA2CA1C65}.Debug|Any CPU.Build.0 = Debug|Any CPU
		{D7A898E9-7A83-474B-83FA-F71CA2CA1C65}.Release|Any CPU.ActiveCfg = Release|Any CPU
		{D7A898E9-7A83-474B-83FA-F71CA2CA1C65}.Release|Any CPU.Build.0 = Release|Any CPU
		{74BA4B22-D7D8-4628-92E5-AC6540A48002}.Debug|Any CPU.ActiveCfg = Debug|Any CPU
		{74BA4B22-D7D8-4628-92E5-AC6540A48002}.Debug|Any CPU.Build.0 = Debug|Any CPU
		{74BA4B22-D7D8-4628-92E5-AC6540A48002}.Release|Any CPU.ActiveCfg = Release|Any CPU
		{74BA4B22-D7D8-4628-92E5-AC6540A48002}.Release|Any CPU.Build.0 = Release|Any CPU
		{80475521-C58E-408F-8355-F0434433E16A}.Debug|Any CPU.ActiveCfg = Debug|Any CPU
		{80475521-C58E-408F-8355-F0434433E16A}.Debug|Any CPU.Build.0 = Debug|Any CPU
		{80475521-C58E-408F-8355-F0434433E16A}.Release|Any CPU.ActiveCfg = Release|Any CPU
		{80475521-C58E-408F-8355-F0434433E16A}.Release|Any CPU.Build.0 = Release|Any CPU
		{F1FD6934-5AC9-4088-9D89-78C5E5EAC190}.Debug|Any CPU.ActiveCfg = Debug|Any CPU
		{F1FD6934-5AC9-4088-9D89-78C5E5EAC190}.Debug|Any CPU.Build.0 = Debug|Any CPU
		{F1FD6934-5AC9-4088-9D89-78C5E5EAC190}.Release|Any CPU.ActiveCfg = Release|Any CPU
		{F1FD6934-5AC9-4088-9D89-78C5E5EAC190}.Release|Any CPU.Build.0 = Release|Any CPU
		{40371BC7-B50A-450D-9A96-AA4A1C5FA043}.Debug|Any CPU.ActiveCfg = Debug|Any CPU
		{40371BC7-B50A-450D-9A96-AA4A1C5FA043}.Debug|Any CPU.Build.0 = Debug|Any CPU
		{40371BC7-B50A-450D-9A96-AA4A1C5FA043}.Release|Any CPU.ActiveCfg = Release|Any CPU
		{40371BC7-B50A-450D-9A96-AA4A1C5FA043}.Release|Any CPU.Build.0 = Release|Any CPU
		{CEFDD31F-40F6-4D46-907E-0BCEDA6CDD1A}.Debug|Any CPU.ActiveCfg = Debug|Any CPU
		{CEFDD31F-40F6-4D46-907E-0BCEDA6CDD1A}.Debug|Any CPU.Build.0 = Debug|Any CPU
		{CEFDD31F-40F6-4D46-907E-0BCEDA6CDD1A}.Release|Any CPU.ActiveCfg = Release|Any CPU
		{CEFDD31F-40F6-4D46-907E-0BCEDA6CDD1A}.Release|Any CPU.Build.0 = Release|Any CPU
		{95E1804F-BD66-40C0-B2C1-950F86104D45}.Debug|Any CPU.ActiveCfg = Debug|Any CPU
		{95E1804F-BD66-40C0-B2C1-950F86104D45}.Debug|Any CPU.Build.0 = Debug|Any CPU
		{95E1804F-BD66-40C0-B2C1-950F86104D45}.Release|Any CPU.ActiveCfg = Release|Any CPU
		{95E1804F-BD66-40C0-B2C1-950F86104D45}.Release|Any CPU.Build.0 = Release|Any CPU
		{01C8A8F8-6354-4661-A8CE-FC40FA9B57E0}.Debug|Any CPU.ActiveCfg = Debug|Any CPU
		{01C8A8F8-6354-4661-A8CE-FC40FA9B57E0}.Debug|Any CPU.Build.0 = Debug|Any CPU
		{01C8A8F8-6354-4661-A8CE-FC40FA9B57E0}.Release|Any CPU.ActiveCfg = Release|Any CPU
		{01C8A8F8-6354-4661-A8CE-FC40FA9B57E0}.Release|Any CPU.Build.0 = Release|Any CPU
		{5EA0D87F-044B-42EB-9EC0-6ADB688A3606}.Debug|Any CPU.ActiveCfg = Debug|Any CPU
		{5EA0D87F-044B-42EB-9EC0-6ADB688A3606}.Debug|Any CPU.Build.0 = Debug|Any CPU
		{5EA0D87F-044B-42EB-9EC0-6ADB688A3606}.Release|Any CPU.ActiveCfg = Release|Any CPU
		{5EA0D87F-044B-42EB-9EC0-6ADB688A3606}.Release|Any CPU.Build.0 = Release|Any CPU
		{A8CF37D9-5A0F-4411-A94F-CF31315709F1}.Debug|Any CPU.ActiveCfg = Debug|Any CPU
		{A8CF37D9-5A0F-4411-A94F-CF31315709F1}.Debug|Any CPU.Build.0 = Debug|Any CPU
		{A8CF37D9-5A0F-4411-A94F-CF31315709F1}.Release|Any CPU.ActiveCfg = Release|Any CPU
		{A8CF37D9-5A0F-4411-A94F-CF31315709F1}.Release|Any CPU.Build.0 = Release|Any CPU
		{A4C9057F-C902-4447-A2D4-915F06F4FB41}.Debug|Any CPU.ActiveCfg = Debug|Any CPU
		{A4C9057F-C902-4447-A2D4-915F06F4FB41}.Debug|Any CPU.Build.0 = Debug|Any CPU
		{A4C9057F-C902-4447-A2D4-915F06F4FB41}.Release|Any CPU.ActiveCfg = Release|Any CPU
		{A4C9057F-C902-4447-A2D4-915F06F4FB41}.Release|Any CPU.Build.0 = Release|Any CPU
		{6D7898E7-4F81-4ABD-8C47-445CBC07A10E}.Debug|Any CPU.ActiveCfg = Debug|Any CPU
		{6D7898E7-4F81-4ABD-8C47-445CBC07A10E}.Debug|Any CPU.Build.0 = Debug|Any CPU
		{6D7898E7-4F81-4ABD-8C47-445CBC07A10E}.Release|Any CPU.ActiveCfg = Release|Any CPU
		{6D7898E7-4F81-4ABD-8C47-445CBC07A10E}.Release|Any CPU.Build.0 = Release|Any CPU
		{96CFC283-CAD5-42B9-BEA6-817EEE2DA15B}.Debug|Any CPU.ActiveCfg = Debug|Any CPU
		{96CFC283-CAD5-42B9-BEA6-817EEE2DA15B}.Debug|Any CPU.Build.0 = Debug|Any CPU
		{96CFC283-CAD5-42B9-BEA6-817EEE2DA15B}.Release|Any CPU.ActiveCfg = Release|Any CPU
		{96CFC283-CAD5-42B9-BEA6-817EEE2DA15B}.Release|Any CPU.Build.0 = Release|Any CPU
		{B4D5AFE7-445C-45D1-8BCE-8679DC7FC671}.Debug|Any CPU.ActiveCfg = Debug|Any CPU
		{B4D5AFE7-445C-45D1-8BCE-8679DC7FC671}.Debug|Any CPU.Build.0 = Debug|Any CPU
		{B4D5AFE7-445C-45D1-8BCE-8679DC7FC671}.Release|Any CPU.ActiveCfg = Release|Any CPU
		{B4D5AFE7-445C-45D1-8BCE-8679DC7FC671}.Release|Any CPU.Build.0 = Release|Any CPU
		{FD9DA369-330D-4BF5-AA89-730F6EE22518}.Debug|Any CPU.ActiveCfg = Debug|Any CPU
		{FD9DA369-330D-4BF5-AA89-730F6EE22518}.Debug|Any CPU.Build.0 = Debug|Any CPU
		{FD9DA369-330D-4BF5-AA89-730F6EE22518}.Release|Any CPU.ActiveCfg = Release|Any CPU
		{FD9DA369-330D-4BF5-AA89-730F6EE22518}.Release|Any CPU.Build.0 = Release|Any CPU
		{A4733D6F-EA1A-40E0-8DFC-13BB4E5E1235}.Debug|Any CPU.ActiveCfg = Debug|Any CPU
		{A4733D6F-EA1A-40E0-8DFC-13BB4E5E1235}.Debug|Any CPU.Build.0 = Debug|Any CPU
		{A4733D6F-EA1A-40E0-8DFC-13BB4E5E1235}.Release|Any CPU.ActiveCfg = Release|Any CPU
		{A4733D6F-EA1A-40E0-8DFC-13BB4E5E1235}.Release|Any CPU.Build.0 = Release|Any CPU
		{40234FE0-3BFB-4E9F-B08D-CA18F53AB54C}.Debug|Any CPU.ActiveCfg = Debug|Any CPU
		{40234FE0-3BFB-4E9F-B08D-CA18F53AB54C}.Debug|Any CPU.Build.0 = Debug|Any CPU
		{40234FE0-3BFB-4E9F-B08D-CA18F53AB54C}.Release|Any CPU.ActiveCfg = Release|Any CPU
		{40234FE0-3BFB-4E9F-B08D-CA18F53AB54C}.Release|Any CPU.Build.0 = Release|Any CPU
		{112610B6-46A5-4F72-98C5-3B7F06A184BE}.Debug|Any CPU.ActiveCfg = Debug|Any CPU
		{112610B6-46A5-4F72-98C5-3B7F06A184BE}.Debug|Any CPU.Build.0 = Debug|Any CPU
		{112610B6-46A5-4F72-98C5-3B7F06A184BE}.Release|Any CPU.ActiveCfg = Release|Any CPU
		{112610B6-46A5-4F72-98C5-3B7F06A184BE}.Release|Any CPU.Build.0 = Release|Any CPU
		{E9C2716C-7AB8-49C7-A779-9E695DCD3645}.Debug|Any CPU.ActiveCfg = Debug|Any CPU
		{E9C2716C-7AB8-49C7-A779-9E695DCD3645}.Debug|Any CPU.Build.0 = Debug|Any CPU
		{E9C2716C-7AB8-49C7-A779-9E695DCD3645}.Release|Any CPU.ActiveCfg = Release|Any CPU
		{E9C2716C-7AB8-49C7-A779-9E695DCD3645}.Release|Any CPU.Build.0 = Release|Any CPU
		{C18E991B-D97E-4A46-9CE8-0AF9CFB2F053}.Debug|Any CPU.ActiveCfg = Debug|Any CPU
		{C18E991B-D97E-4A46-9CE8-0AF9CFB2F053}.Debug|Any CPU.Build.0 = Debug|Any CPU
		{C18E991B-D97E-4A46-9CE8-0AF9CFB2F053}.Release|Any CPU.ActiveCfg = Release|Any CPU
		{C18E991B-D97E-4A46-9CE8-0AF9CFB2F053}.Release|Any CPU.Build.0 = Release|Any CPU
	EndGlobalSection
	GlobalSection(SolutionProperties) = preSolution
		HideSolutionNode = FALSE
	EndGlobalSection
	GlobalSection(ExtensibilityGlobals) = postSolution
		SolutionGuid = {336B7AEB-C15E-457C-AA76-7C0940BF4269}
	EndGlobalSection
EndGlobal
